PODS:
  - bitmap_plus (0.0.1):
    - Flutter
  - Flutter (1.0.0)

DEPENDENCIES:
  - bitmap_plus (from `.symlinks/plugins/bitmap_plus/ios`)
  - Flutter (from `Flutter`)

EXTERNAL SOURCES:
  bitmap_plus:
    :path: ".symlinks/plugins/bitmap_plus/ios"
  Flutter:
    :path: Flutter

SPEC CHECKSUMS:
  bitmap_plus: 38cb1d98231c427898af00b4b2460364ff440187
  Flutter: e0871f40cf51350855a761d2e70bf5af5b9b5de7

PODFILE CHECKSUM: c4c93c5f6502fe2754f48404d3594bf779584011

COCOAPODS: 1.16.2
